
Microsoft Visual Studio Solution File, Format Version 12.00
# Visual Studio Version 16
VisualStudioVersion = 16.0.30717.126
MinimumVisualStudioVersion = 10.0.40219.1
Project("{9A19103F-16F7-4668-BE54-9A1E7A4F7556}") = "CivicHub", "CivicHub\CivicHub.csproj", "{9B96E613-6A7C-4981-BA64-B74BA212FE2C}"
EndProject
Global
	GlobalSection(SolutionConfigurationPlatforms) = preSolution
		Debug|Any CPU = Debug|Any CPU
		Release|Any CPU = Release|Any CPU
	EndGlobalSection
	GlobalSection(ProjectConfigurationPlatforms) = postSolution
		{9B96E613-6A7C-4981-BA64-B74BA212FE2C}.Debug|Any CPU.ActiveCfg = Debug|Any CPU
		{9B96E613-6A7C-4981-BA64-B74BA212FE2C}.Debug|Any CPU.Build.0 = Debug|Any CPU
		{9B96E613-6A7C-4981-BA64-B74BA212FE2C}.Release|Any CPU.ActiveCfg = Release|Any CPU
		{9B96E613-6A7C-4981-BA64-B74BA212FE2C}.Release|Any CPU.Build.0 = Release|Any CPU
	EndGlobalSection
	GlobalSection(SolutionProperties) = preSolution
		HideSolutionNode = FALSE
	EndGlobalSection
	GlobalSection(ExtensibilityGlobals) = postSolution
		SolutionGuid = {6CFB27E5-2FB6-463A-9B10-2EC4D508504A}
	EndGlobalSection
EndGlobal
